
Microsoft Visual Studio Solution File, Format Version 12.00
# Visual Studio Version 16
VisualStudioVersion = 25.0.1705.2
MinimumVisualStudioVersion = 10.0.40219.1
Project("{FAE04EC0-301F-11D3-BF4B-00C04F79EFBC}") = "ChallengeN5.Infrastructure", "ChallengeN5.Infrastructure\ChallengeN5.Infrastructure.csproj", "{1A316307-7A8F-4F1B-9CED-3CC235164A90}"
EndProject
Project("{FAE04EC0-301F-11D3-BF4B-00C04F79EFBC}") = "ChallengeN5.Domain", "ChallengeN5.Domain\ChallengeN5.Domain.csproj", "{F5963DE7-A080-4B8F-893B-F59E316FB90E}"
EndProject
Project("{FAE04EC0-301F-11D3-BF4B-00C04F79EFBC}") = "ChallengeN5.Application", "ChallengeN5.Application\ChallengeN5.Application.csproj", "{A74DDC25-CE0B-49C7-A9C3-C7CA1FF29B90}"
EndProject
Project("{FAE04EC0-301F-11D3-BF4B-00C04F79EFBC}") = "ChallengeN5.Api", "ChallengeN5.Api\ChallengeN5.Api.csproj", "{8D226A12-B64D-4862-8F03-27A5EBF7A474}"
EndProject
Global
	GlobalSection(SolutionConfigurationPlatforms) = preSolution
		Debug|Any CPU = Debug|Any CPU
		Release|Any CPU = Release|Any CPU
	EndGlobalSection
	GlobalSection(ProjectConfigurationPlatforms) = postSolution
		{1A316307-7A8F-4F1B-9CED-3CC235164A90}.Debug|Any CPU.ActiveCfg = Debug|Any CPU
		{1A316307-7A8F-4F1B-9CED-3CC235164A90}.Debug|Any CPU.Build.0 = Debug|Any CPU
		{1A316307-7A8F-4F1B-9CED-3CC235164A90}.Release|Any CPU.ActiveCfg = Release|Any CPU
		{1A316307-7A8F-4F1B-9CED-3CC235164A90}.Release|Any CPU.Build.0 = Release|Any CPU
		{F5963DE7-A080-4B8F-893B-F59E316FB90E}.Debug|Any CPU.ActiveCfg = Debug|Any CPU
		{F5963DE7-A080-4B8F-893B-F59E316FB90E}.Debug|Any CPU.Build.0 = Debug|Any CPU
		{F5963DE7-A080-4B8F-893B-F59E316FB90E}.Release|Any CPU.ActiveCfg = Release|Any CPU
		{F5963DE7-A080-4B8F-893B-F59E316FB90E}.Release|Any CPU.Build.0 = Release|Any CPU
		{A74DDC25-CE0B-49C7-A9C3-C7CA1FF29B90}.Debug|Any CPU.ActiveCfg = Debug|Any CPU
		{A74DDC25-CE0B-49C7-A9C3-C7CA1FF29B90}.Debug|Any CPU.Build.0 = Debug|Any CPU
		{A74DDC25-CE0B-49C7-A9C3-C7CA1FF29B90}.Release|Any CPU.ActiveCfg = Release|Any CPU
		{A74DDC25-CE0B-49C7-A9C3-C7CA1FF29B90}.Release|Any CPU.Build.0 = Release|Any CPU
		{8D226A12-B64D-4862-8F03-27A5EBF7A474}.Debug|Any CPU.ActiveCfg = Debug|Any CPU
		{8D226A12-B64D-4862-8F03-27A5EBF7A474}.Debug|Any CPU.Build.0 = Debug|Any CPU
		{8D226A12-B64D-4862-8F03-27A5EBF7A474}.Release|Any CPU.ActiveCfg = Release|Any CPU
		{8D226A12-B64D-4862-8F03-27A5EBF7A474}.Release|Any CPU.Build.0 = Release|Any CPU
	EndGlobalSection
	GlobalSection(SolutionProperties) = preSolution
		HideSolutionNode = FALSE
	EndGlobalSection
	GlobalSection(ExtensibilityGlobals) = postSolution
		SolutionGuid = {50D84CDE-45CF-429D-BB74-03A31497760F}
	EndGlobalSection
EndGlobal
